{
    "_readme": [
        "This file locks the dependencies of your project to a known state",
        "Read more about it at https://getcomposer.org/doc/01-basic-usage.md#installing-dependencies",
        "This file is @generated automatically"
    ],
    "content-hash": "46fb27de19673d02e00c3db9ec4eb6f7",
    "packages": [
        {
            "name": "fortawesome/font-awesome",
            "version": "5.10.2",
            "source": {
                "type": "git",
                "url": "https://github.com/FortAwesome/Font-Awesome.git",
                "reference": "090e6148d3f63a45b40e7cd8679bd4d64e58d75d"
            },
            "dist": {
                "type": "zip",
                "url": "https://api.github.com/repos/FortAwesome/Font-Awesome/zipball/090e6148d3f63a45b40e7cd8679bd4d64e58d75d",
                "reference": "090e6148d3f63a45b40e7cd8679bd4d64e58d75d",
                "shasum": ""
            },
            "type": "library",
            "notification-url": "https://packagist.org/downloads/",
            "license": [
                "CC-BY-4.0",
                "OFL-1.1",
                "MIT"
            ],
            "authors": [
                {
                    "name": "Travis Chase",
                    "homepage": "http://twitter.com/supercodepoet"
                },
                {
                    "name": "Dave Gandy",
                    "homepage": "http://twitter.com/davegandy"
                },
                {
                    "name": "Rob Madole",
                    "homepage": "http://twitter.com/robmadole"
                },
                {
                    "name": "Jory Raphael",
                    "homepage": "http://twitter.com/sensibleworld"
                },
                {
                    "name": "Geremia Taglialatela",
                    "homepage": "http://twitter.com/gtagliala"
                },
                {
                    "name": "Brian Talbot",
                    "homepage": "http://twitter.com/talbs"
                },
                {
                    "name": "Mike Wilkerson",
                    "homepage": "http://twitter.com/mw77"
                }
            ],
            "description": "The iconic font, CSS, and SVG framework",
            "homepage": "https://fontawesome.com",
            "keywords": [
                "FontAwesome",
                "awesome",
                "bootstrap",
                "font",
                "icon",
                "svg"
            ],
            "time": "2019-08-22T20:37:41+00:00"
        },
        {
            "name": "froala/wysiwyg-editor",
            "version": "v3.2.7",
            "source": {
                "type": "git",
                "url": "https://github.com/froala/wysiwyg-editor.git",
                "reference": "edd86c4d2e3b68cb9aad33e87a4d44e2700d6156"
            },
            "dist": {
                "type": "zip",
                "url": "https://api.github.com/repos/froala/wysiwyg-editor/zipball/edd86c4d2e3b68cb9aad33e87a4d44e2700d6156",
                "reference": "edd86c4d2e3b68cb9aad33e87a4d44e2700d6156",
                "shasum": ""
            },
            "type": "component",
            "notification-url": "https://packagist.org/downloads/",
            "license": [
                "proprietary"
            ],
            "authors": [
                {
                    "name": "Froala Labs",
                    "email": "support@froala.com"
                }
            ],
            "description": "A beautiful jQuery WYSIWYG HTML rich text editor. High performance and modern design make it easy to use for developers and loved by users.",
            "homepage": "https://www.froala.com/wysiwyg-editor",
            "keywords": [
                "editor",
                "froala",
                "froala-editor",
                "froala-wysiwyg",
                "html",
                "javascript",
                "jquery",
                "jquery-plugin",
                "rich editor",
                "rich text editor",
                "rte",
                "text",
                "wysiwyg"
            ],
            "support": {
                "issues": "https://www.froala.com/wysiwyg-editor/contact",
                "source": "https://github.com/froala/wysiwyg-editor/tree/v3.2.7"
            },
            "time": "2021-05-18T09:56:27+00:00"
        },
        {
            "name": "twitter/bootstrap",
            "version": "v4.3.1",
            "source": {
                "type": "git",
                "url": "https://github.com/twbs/bootstrap.git",
                "reference": "8fa0d3010112dca5dd6dd501173415856001ba8b"
            },
            "dist": {
                "type": "zip",
                "url": "https://api.github.com/repos/twbs/bootstrap/zipball/8fa0d3010112dca5dd6dd501173415856001ba8b",
                "reference": "8fa0d3010112dca5dd6dd501173415856001ba8b",
                "shasum": ""
            },
            "replace": {
                "twitter/bootstrap": "self.version"
            },
            "type": "library",
            "extra": {
                "branch-alias": {
                    "dev-master": "3.3.x-dev"
                }
            },
            "notification-url": "https://packagist.org/downloads/",
            "license": [
                "MIT"
            ],
            "authors": [
                {
                    "name": "Jacob Thornton",
                    "email": "jacobthornton@gmail.com"
                },
                {
                    "name": "Mark Otto",
                    "email": "markdotto@gmail.com"
                }
            ],
            "description": "The most popular front-end framework for developing responsive, mobile first projects on the web.",
            "homepage": "https://getbootstrap.com/",
            "keywords": [
                "JS",
                "css",
                "framework",
                "front-end",
                "mobile-first",
                "responsive",
                "sass",
                "web"
            ],
            "time": "2019-02-13T16:01:40+00:00"
        }
    ],
    "packages-dev": [],
    "aliases": [],
    "minimum-stability": "stable",
    "stability-flags": [],
    "prefer-stable": false,
    "prefer-lowest": false,
    "platform": [],
    "platform-dev": [],
    "plugin-api-version": "2.1.0"
}
